<?xml version="1.0" encoding="utf-8"?>
<Project ToolsVersion="4.0" xmlns="http://schemas.microsoft.com/developer/msbuild/2003">
  <ItemGroup>
    <Filter Include="Source Files">
      <UniqueIdentifier>{4FC737F1-C7A5-4376-A066-2A32D752A2FF}</UniqueIdentifier>
      <Extensions>cpp;c;cc;cxx;def;odl;idl;hpj;bat;asm;asmx</Extensions>
    </Filter>
    <Filter Include="TakionApi">
      <UniqueIdentifier>{93995380-89BD-4b04-88EB-625FBE52EBFB}</UniqueIdentifier>
      <Extensions>h;hpp;hxx;hm;inl;inc;xsd</Extensions>
    </Filter>
  </ItemGroup>
  <ItemGroup>
    <None Include="ExtensionSample.def">
      <Filter>Source Files</Filter>
    </None>
    <None Include="ExtensionSample.rc2">
      <Filter>Source Files</Filter>
    </None>
  </ItemGroup>
  <ItemGroup>
    <ClCompile Include="ExtensionSample.cpp">
      <Filter>Source Files</Filter>
    </ClCompile>
    <ClCompile Include="stdafx.cpp">
      <Filter>Source Files</Filter>
    </ClCompile>
    <ClCompile Include="MainDialog.cpp">
      <Filter>Source Files</Filter>
    </ClCompile>
    <ClCompile Include="BaseSampleDialogSettingSymbol.cpp">
      <Filter>Source Files</Filter>
    </ClCompile>
    <ClCompile Include="ExtensionDerivedConfig.cpp">
      <Filter>Source Files</Filter>
    </ClCompile>
    <ClCompile Include="SampleDialogSettingWindow.cpp">
      <Filter>Source Files</Filter>
    </ClCompile>
    <ClCompile Include="StockComparator.cpp">
      <Filter>Source Files</Filter>
    </ClCompile>
    <ClCompile Include="DialogStockPair.cpp">
      <Filter>Source Files</Filter>
    </ClCompile>
    <ClCompile Include="BaseDialogValue.cpp">
      <Filter>Source Files</Filter>
    </ClCompile>
    <ClCompile Include="DialogSignedPriceValue.cpp">
      <Filter>Source Files</Filter>
    </ClCompile>
    <ClCompile Include="SampleDialogSettingTestRequest.cpp">
      <Filter>Source Files</Filter>
    </ClCompile>
    <ClCompile Include="BaseDialogSettingAccount.cpp">
      <Filter>Source Files</Filter>
    </ClCompile>
    <ClCompile Include="BaseSampleDialogSettingOption.cpp">
      <Filter>Source Files</Filter>
    </ClCompile>
    <ClCompile Include="BaseDialogSetting.cpp">
      <Filter>Source Files</Filter>
    </ClCompile>
    <ClCompile Include="SampleDialogSettingCommand.cpp">
      <Filter>Source Files</Filter>
    </ClCompile>
    <ClCompile Include="MyMarketSorter.cpp">
      <Filter>Source Files</Filter>
    </ClCompile>
    <ClCompile Include="SampleDialogSettingLevel2InThread.cpp">
      <Filter>Source Files</Filter>
    </ClCompile>
    <ClCompile Include="riskHelper.cpp">
      <Filter>Source Files</Filter>
    </ClCompile>
  </ItemGroup>
  <ItemGroup>
    <ClInclude Include="ExtensionSample.h">
      <Filter>Source Files</Filter>
    </ClInclude>
    <ClInclude Include="stdafx.h">
      <Filter>Source Files</Filter>
    </ClInclude>
    <ClInclude Include="targetver.h">
      <Filter>Source Files</Filter>
    </ClInclude>
    <ClInclude Include="..\ObserverApi.h">
      <Filter>TakionApi</Filter>
    </ClInclude>
    <ClInclude Include="..\TakionDataApi.h">
      <Filter>TakionApi</Filter>
    </ClInclude>
    <ClInclude Include="..\TakionGui.h">
      <Filter>TakionApi</Filter>
    </ClInclude>
    <ClInclude Include="..\TakionLogApi.h">
      <Filter>TakionApi</Filter>
    </ClInclude>
    <ClInclude Include="..\TakionMemoryApi.h">
      <Filter>TakionApi</Filter>
    </ClInclude>
    <ClInclude Include="..\TakionUtilsApi.h">
      <Filter>TakionApi</Filter>
    </ClInclude>
    <ClInclude Include="..\UtilsApi.h">
      <Filter>TakionApi</Filter>
    </ClInclude>
    <ClInclude Include="MainDialog.h">
      <Filter>Source Files</Filter>
    </ClInclude>
    <ClInclude Include="BaseSampleDialogSettingSymbol.h">
      <Filter>Source Files</Filter>
    </ClInclude>
    <ClInclude Include="StockBase.h">
      <Filter>Source Files</Filter>
    </ClInclude>
    <ClInclude Include="ExtensionDerivedConfig.h">
      <Filter>Source Files</Filter>
    </ClInclude>
    <ClInclude Include="SampleDialogSettingWindow.h">
      <Filter>Source Files</Filter>
    </ClInclude>
    <ClInclude Include="StockComparator.h">
      <Filter>Source Files</Filter>
    </ClInclude>
    <ClInclude Include="DialogStockPair.h">
      <Filter>Source Files</Filter>
    </ClInclude>
    <ClInclude Include="BaseDialogValue.h">
      <Filter>Source Files</Filter>
    </ClInclude>
    <ClInclude Include="DialogSignedPriceValue.h">
      <Filter>Source Files</Filter>
    </ClInclude>
    <ClInclude Include="ConfigEnums.h">
      <Filter>Source Files</Filter>
    </ClInclude>
    <ClInclude Include="SampleDialogSettingTestRequest.h">
      <Filter>Source Files</Filter>
    </ClInclude>
    <ClInclude Include="BaseDialogSettingAccount.h">
      <Filter>Source Files</Filter>
    </ClInclude>
    <ClInclude Include="BaseSampleDialogSettingOption.h">
      <Filter>Source Files</Filter>
    </ClInclude>
    <ClInclude Include="..\UtilsGuiApi.h">
      <Filter>TakionApi</Filter>
    </ClInclude>
    <ClInclude Include="..\ConnectionApi.h">
      <Filter>TakionApi</Filter>
    </ClInclude>
    <ClInclude Include="BaseDialogSetting.h">
      <Filter>Source Files</Filter>
    </ClInclude>
    <ClInclude Include="SampleDialogSettingCommand.h">
      <Filter>Source Files</Filter>
    </ClInclude>
    <ClInclude Include="MyMarketSorter.h">
      <Filter>Source Files</Filter>
    </ClInclude>
    <ClInclude Include="SampleDialogSettingLevel2InThread.h">
      <Filter>Source Files</Filter>
    </ClInclude>
    <ClInclude Include="ExtensionSampleVersion.h">
      <Filter>Source Files</Filter>
    </ClInclude>
    <ClInclude Include="riskHelper.h">
      <Filter>Source Files</Filter>
    </ClInclude>
  </ItemGroup>
  <ItemGroup>
    <ResourceCompile Include="ExtensionSample.rc">
      <Filter>Source Files</Filter>
    </ResourceCompile>
  </ItemGroup>
</Project>